
Microsoft Visual Studio Solution File, Format Version 11.00
# Visual Studio 2010
Project("{FAE04EC0-301F-11D3-BF4B-00C04F79EFBC}") = "Raisins.Client.Web", "src\Raisins.Client.Web\Raisins.Client.Web.csproj", "{245B5398-8FAC-44B1-A4FA-13779FB1FF57}"
EndProject
Global
	GlobalSection(SolutionConfigurationPlatforms) = preSolution
		Debug|Any CPU = Debug|Any CPU
		Release|Any CPU = Release|Any CPU
	EndGlobalSection
	GlobalSection(ProjectConfigurationPlatforms) = postSolution
		{245B5398-8FAC-44B1-A4FA-13779FB1FF57}.Debug|Any CPU.ActiveCfg = Debug|Any CPU
		{245B5398-8FAC-44B1-A4FA-13779FB1FF57}.Debug|Any CPU.Build.0 = Debug|Any CPU
		{245B5398-8FAC-44B1-A4FA-13779FB1FF57}.Release|Any CPU.ActiveCfg = Release|Any CPU
		{245B5398-8FAC-44B1-A4FA-13779FB1FF57}.Release|Any CPU.Build.0 = Release|Any CPU
	EndGlobalSection
	GlobalSection(SolutionProperties) = preSolution
		HideSolutionNode = FALSE
	EndGlobalSection
EndGlobal
