
Microsoft Visual Studio Solution File, Format Version 12.00
# Visual Studio 14
VisualStudioVersion = 14.0.25420.1
MinimumVisualStudioVersion = 10.0.40219.1
Project("{FAE04EC0-301F-11D3-BF4B-00C04F79EFBC}") = "Raisins.Client.Web", "src\Raisins.Client.Web\Raisins.Client.Web.csproj", "{E7755F66-12F2-4E56-92B9-F9710C154F17}"
EndProject
Project("{FAE04EC0-301F-11D3-BF4B-00C04F79EFBC}") = "Raisins.Client.Raffle", "src\Raisins.Client.Raffle\Raisins.Client.Raffle.csproj", "{C2E6483E-55CC-4512-AFF9-D0E2181B3462}"
EndProject
Project("{FAE04EC0-301F-11D3-BF4B-00C04F79EFBC}") = "Raisins.Client.MailJob", "src\Raisins.Client.MailJob\Raisins.Client.MailJob.csproj", "{2959696E-9858-4A83-8D99-D2672817B6BC}"
EndProject
Project("{FAE04EC0-301F-11D3-BF4B-00C04F79EFBC}") = "Raisins.Client.Randomizer", "src\Raisins.Client.Randomizer\Raisins.Client.Randomizer.csproj", "{95885566-7B8E-4808-9B50-5816D8994237}"
EndProject
Global
	GlobalSection(SolutionConfigurationPlatforms) = preSolution
		Debug|Any CPU = Debug|Any CPU
		Release|Any CPU = Release|Any CPU
	EndGlobalSection
	GlobalSection(ProjectConfigurationPlatforms) = postSolution
		{E7755F66-12F2-4E56-92B9-F9710C154F17}.Debug|Any CPU.ActiveCfg = Debug|Any CPU
		{E7755F66-12F2-4E56-92B9-F9710C154F17}.Debug|Any CPU.Build.0 = Debug|Any CPU
		{E7755F66-12F2-4E56-92B9-F9710C154F17}.Release|Any CPU.ActiveCfg = Release|Any CPU
		{E7755F66-12F2-4E56-92B9-F9710C154F17}.Release|Any CPU.Build.0 = Release|Any CPU
		{C2E6483E-55CC-4512-AFF9-D0E2181B3462}.Debug|Any CPU.ActiveCfg = Debug|Any CPU
		{C2E6483E-55CC-4512-AFF9-D0E2181B3462}.Debug|Any CPU.Build.0 = Debug|Any CPU
		{C2E6483E-55CC-4512-AFF9-D0E2181B3462}.Release|Any CPU.ActiveCfg = Release|Any CPU
		{C2E6483E-55CC-4512-AFF9-D0E2181B3462}.Release|Any CPU.Build.0 = Release|Any CPU
		{2959696E-9858-4A83-8D99-D2672817B6BC}.Debug|Any CPU.ActiveCfg = Debug|Any CPU
		{2959696E-9858-4A83-8D99-D2672817B6BC}.Debug|Any CPU.Build.0 = Debug|Any CPU
		{2959696E-9858-4A83-8D99-D2672817B6BC}.Release|Any CPU.ActiveCfg = Release|Any CPU
		{2959696E-9858-4A83-8D99-D2672817B6BC}.Release|Any CPU.Build.0 = Release|Any CPU
		{95885566-7B8E-4808-9B50-5816D8994237}.Debug|Any CPU.ActiveCfg = Debug|Any CPU
		{95885566-7B8E-4808-9B50-5816D8994237}.Debug|Any CPU.Build.0 = Debug|Any CPU
		{95885566-7B8E-4808-9B50-5816D8994237}.Release|Any CPU.ActiveCfg = Release|Any CPU
		{95885566-7B8E-4808-9B50-5816D8994237}.Release|Any CPU.Build.0 = Release|Any CPU
	EndGlobalSection
	GlobalSection(SolutionProperties) = preSolution
		HideSolutionNode = FALSE
	EndGlobalSection
EndGlobal
