
Microsoft Visual Studio Solution File, Format Version 12.00
# Visual Studio Version 17
VisualStudioVersion = 17.5.002.0
MinimumVisualStudioVersion = 10.0.40219.1
Project("{9A19103F-16F7-4668-BE54-9A1E7A4F7556}") = "Raisins.Mailer", "Raisins.Mailer.csproj", "{2D9872A8-52E2-4735-866C-23C5FB7E9958}"
EndProject
Global
	GlobalSection(SolutionConfigurationPlatforms) = preSolution
		Debug|Any CPU = Debug|Any CPU
		Release|Any CPU = Release|Any CPU
	EndGlobalSection
	GlobalSection(ProjectConfigurationPlatforms) = postSolution
		{2D9872A8-52E2-4735-866C-23C5FB7E9958}.Debug|Any CPU.ActiveCfg = Debug|Any CPU
		{2D9872A8-52E2-4735-866C-23C5FB7E9958}.Debug|Any CPU.Build.0 = Debug|Any CPU
		{2D9872A8-52E2-4735-866C-23C5FB7E9958}.Release|Any CPU.ActiveCfg = Release|Any CPU
		{2D9872A8-52E2-4735-866C-23C5FB7E9958}.Release|Any CPU.Build.0 = Release|Any CPU
	EndGlobalSection
	GlobalSection(SolutionProperties) = preSolution
		HideSolutionNode = FALSE
	EndGlobalSection
	GlobalSection(ExtensibilityGlobals) = postSolution
		SolutionGuid = {1B88FDA1-F25B-4DBB-AE1A-66806DF2423A}
	EndGlobalSection
EndGlobal
